{
  "name": "notes_frontend",
  "version": "1.0.0",
  "lockfileVersion": 3,
  "requires": true,
  "packages": {
    "": {
      "name": "notes_frontend",
      "version": "1.0.0",
      "license": "UNLICENSED",
      "dependencies": {
        "@expo/metro-runtime": "~3.2.3",
        "expo": "~51.0.14",
        "expo-status-bar": "~1.12.1",
        "react": "18.2.0",
        "react-dom": "18.2.0",
        "react-native": "0.74.3",
        "react-native-web": "~0.19.10"
      },
      "devDependencies": {
        "@types/react": "~18.2.79",
        "@types/react-native": "~0.73.0",
        "typescript": "~5.3.3"
      }
    }
  }
}
